
Microsoft Visual Studio Solution File, Format Version 12.00
# Visual Studio Version 17
VisualStudioVersion = 17.8.34330.188
MinimumVisualStudioVersion = 10.0.40219.1
Project("{FAE04EC0-301F-11D3-BF4B-00C04F79EFBC}") = "SIprojekat", "SIprojekat\SIprojekat.csproj", "{213F9A75-D5EF-40FA-ABFC-4FCA32267F13}"
EndProject
Project("{FAE04EC0-301F-11D3-BF4B-00C04F79EFBC}") = "DatabaseEntityLib", "DatabaseEntityLib\DatabaseEntityLib.csproj", "{F148A93F-9D47-4E69-9E4B-BC1DADEFF2FB}"
EndProject
Project("{FAE04EC0-301F-11D3-BF4B-00C04F79EFBC}") = "DatabaseContext", "DatabaseContext\DatabaseContext.csproj", "{397FC077-B96A-4F4C-98D3-28231CBBEAB9}"
EndProject
Global
	GlobalSection(SolutionConfigurationPlatforms) = preSolution
		Debug|Any CPU = Debug|Any CPU
		Release|Any CPU = Release|Any CPU
	EndGlobalSection
	GlobalSection(ProjectConfigurationPlatforms) = postSolution
		{213F9A75-D5EF-40FA-ABFC-4FCA32267F13}.Debug|Any CPU.ActiveCfg = Debug|Any CPU
		{213F9A75-D5EF-40FA-ABFC-4FCA32267F13}.Debug|Any CPU.Build.0 = Debug|Any CPU
		{213F9A75-D5EF-40FA-ABFC-4FCA32267F13}.Release|Any CPU.ActiveCfg = Release|Any CPU
		{213F9A75-D5EF-40FA-ABFC-4FCA32267F13}.Release|Any CPU.Build.0 = Release|Any CPU
		{F148A93F-9D47-4E69-9E4B-BC1DADEFF2FB}.Debug|Any CPU.ActiveCfg = Debug|Any CPU
		{F148A93F-9D47-4E69-9E4B-BC1DADEFF2FB}.Debug|Any CPU.Build.0 = Debug|Any CPU
		{F148A93F-9D47-4E69-9E4B-BC1DADEFF2FB}.Release|Any CPU.ActiveCfg = Release|Any CPU
		{F148A93F-9D47-4E69-9E4B-BC1DADEFF2FB}.Release|Any CPU.Build.0 = Release|Any CPU
		{397FC077-B96A-4F4C-98D3-28231CBBEAB9}.Debug|Any CPU.ActiveCfg = Debug|Any CPU
		{397FC077-B96A-4F4C-98D3-28231CBBEAB9}.Debug|Any CPU.Build.0 = Debug|Any CPU
		{397FC077-B96A-4F4C-98D3-28231CBBEAB9}.Release|Any CPU.ActiveCfg = Release|Any CPU
		{397FC077-B96A-4F4C-98D3-28231CBBEAB9}.Release|Any CPU.Build.0 = Release|Any CPU
	EndGlobalSection
	GlobalSection(SolutionProperties) = preSolution
		HideSolutionNode = FALSE
	EndGlobalSection
	GlobalSection(ExtensibilityGlobals) = postSolution
		SolutionGuid = {F00AB56C-B97D-4A99-B784-72EC28BBB89B}
	EndGlobalSection
EndGlobal
